
Microsoft Visual Studio Solution File, Format Version 12.00
# Visual Studio Version 16
VisualStudioVersion = 16.0.34407.143
MinimumVisualStudioVersion = 10.0.40219.1
Project("{FAE04EC0-301F-11D3-BF4B-00C04F79EFBC}") = "Test_1", "Test_1\Test_1.csproj", "{24E25BC4-155B-434B-A5E1-0501F9B62161}"
EndProject
Global
	GlobalSection(SolutionConfigurationPlatforms) = preSolution
		Debug|Any CPU = Debug|Any CPU
		Release|Any CPU = Release|Any CPU
	EndGlobalSection
	GlobalSection(ProjectConfigurationPlatforms) = postSolution
		{24E25BC4-155B-434B-A5E1-0501F9B62161}.Debug|Any CPU.ActiveCfg = Debug|Any CPU
		{24E25BC4-155B-434B-A5E1-0501F9B62161}.Debug|Any CPU.Build.0 = Debug|Any CPU
		{24E25BC4-155B-434B-A5E1-0501F9B62161}.Release|Any CPU.ActiveCfg = Release|Any CPU
		{24E25BC4-155B-434B-A5E1-0501F9B62161}.Release|Any CPU.Build.0 = Release|Any CPU
	EndGlobalSection
	GlobalSection(SolutionProperties) = preSolution
		HideSolutionNode = FALSE
	EndGlobalSection
	GlobalSection(ExtensibilityGlobals) = postSolution
		SolutionGuid = {F2EB5B78-0337-4860-854F-622B127DCA03}
	EndGlobalSection
EndGlobal
